
Microsoft Visual Studio Solution File, Format Version 12.00
# Visual Studio Version 17
VisualStudioVersion = 17.3.32825.248
MinimumVisualStudioVersion = 10.0.40219.1
Project("{FAE04EC0-301F-11D3-BF4B-00C04F79EFBC}") = "Najib_Osman_Assignment2", "Najib_Osman_Assignment2\Najib_Osman_Assignment2.csproj", "{E7213EDC-4E16-4D46-8429-B2B85E304EE4}"
EndProject
Global
	GlobalSection(SolutionConfigurationPlatforms) = preSolution
		Debug|Any CPU = Debug|Any CPU
		Release|Any CPU = Release|Any CPU
	EndGlobalSection
	GlobalSection(ProjectConfigurationPlatforms) = postSolution
		{E7213EDC-4E16-4D46-8429-B2B85E304EE4}.Debug|Any CPU.ActiveCfg = Debug|Any CPU
		{E7213EDC-4E16-4D46-8429-B2B85E304EE4}.Debug|Any CPU.Build.0 = Debug|Any CPU
		{E7213EDC-4E16-4D46-8429-B2B85E304EE4}.Release|Any CPU.ActiveCfg = Release|Any CPU
		{E7213EDC-4E16-4D46-8429-B2B85E304EE4}.Release|Any CPU.Build.0 = Release|Any CPU
	EndGlobalSection
	GlobalSection(SolutionProperties) = preSolution
		HideSolutionNode = FALSE
	EndGlobalSection
	GlobalSection(ExtensibilityGlobals) = postSolution
		SolutionGuid = {7872E2C5-F3FD-4F34-B208-96D55D312BB2}
	EndGlobalSection
EndGlobal
